// !$*UTF8*$!
{
	archiveVersion = 1;
	classes = {
	};
	objectVersion = 50;
	objects = {

/* Begin PBXBuildFile section */
		1AFF40CE23EC2A03005D5E80 /* AppDelegate.swift in Sources */ = {isa = PBXBuildFile; fileRef = 1AFF40CD23EC2A03005D5E80 /* AppDelegate.swift */; };
		1AFF40D023EC2A03005D5E80 /* SceneDelegate.swift in Sources */ = {isa = PBXBuildFile; fileRef = 1AFF40CF23EC2A03005D5E80 /* SceneDelegate.swift */; };
		1AFF40D223EC2A03005D5E80 /* ViewController.swift in Sources */ = {isa = PBXBuildFile; fileRef = 1AFF40D123EC2A03005D5E80 /* ViewController.swift */; };
		1AFF40D523EC2A03005D5E80 /* Main.storyboard in Resources */ = {isa = PBXBuildFile; fileRef = 1AFF40D323EC2A03005D5E80 /* Main.storyboard */; };
		1AFF40D823EC2A03005D5E80 /* CameraPhotoLibrary.xcdatamodeld in Sources */ = {isa = PBXBuildFile; fileRef = 1AFF40D623EC2A03005D5E80 /* CameraPhotoLibrary.xcdatamodeld */; };
		1AFF40DA23EC2A04005D5E80 /* Assets.xcassets in Resources */ = {isa = PBXBuildFile; fileRef = 1AFF40D923EC2A04005D5E80 /* Assets.xcassets */; };
		1AFF40DD23EC2A04005D5E80 /* LaunchScreen.storyboard in Resources */ = {isa = PBXBuildFile; fileRef = 1AFF40DB23EC2A04005D5E80 /* LaunchScreen.storyboard */; };
/* End PBXBuildFile section */

/* Begin PBXFileReference section */
		1AFF40CA23EC2A03005D5E80 /* CameraPhotoLibrary.app */ = {isa = PBXFileReference; explicitFileType = wrapper.application; includeInIndex = 0; path = CameraPhotoLibrary.app; sourceTree = BUILT_PRODUCTS_DIR; };
		1AFF40CD23EC2A03005D5E80 /* AppDelegate.swift */ = {isa = PBXFileReference; lastKnownFileType = sourcecode.swift; path = AppDelegate.swift; sourceTree = "<group>"; };
		1AFF40CF23EC2A03005D5E80 /* SceneDelegate.swift */ = {isa = PBXFileReference; lastKnownFileType = sourcecode.swift; path = SceneDelegate.swift; sourceTree = "<group>"; };
		1AFF40D123EC2A03005D5E80 /* ViewController.swift */ = {isa = PBXFileReference; lastKnownFileType = sourcecode.swift; path = ViewController.swift; sourceTree = "<group>"; };
		1AFF40D423EC2A03005D5E80 /* Base */ = {isa = PBXFileReference; lastKnownFileType = file.storyboard; name = Base; path = Base.lproj/Main.storyboard; sourceTree = "<group>"; };
		1AFF40D723EC2A03005D5E80 /* CameraPhotoLibrary.xcdatamodel */ = {isa = PBXFileReference; lastKnownFileType = wrapper.xcdatamodel; path = CameraPhotoLibrary.xcdatamodel; sourceTree = "<group>"; };
		1AFF40D923EC2A04005D5E80 /* Assets.xcassets */ = {isa = PBXFileReference; lastKnownFileType = folder.assetcatalog; path = Assets.xcassets; sourceTree = "<group>"; };
		1AFF40DC23EC2A04005D5E80 /* Base */ = {isa = PBXFileReference; lastKnownFileType = file.storyboard; name = Base; path = Base.lproj/LaunchScreen.storyboard; sourceTree = "<group>"; };
		1AFF40DE23EC2A04005D5E80 /* Info.plist */ = {isa = PBXFileReference; lastKnownFileType = text.plist.xml; path = Info.plist; sourceTree = "<group>"; };
/* End PBXFileReference section */

/* Begin PBXFrameworksBuildPhase section */
		1AFF40C723EC2A03005D5E80 /* Frameworks */ = {
			isa = PBXFrameworksBuildPhase;
			buildActionMask = 2147483647;
			files = (
			);
			runOnlyForDeploymentPostprocessing = 0;
		};
/* End PBXFrameworksBuildPhase section */

/* Begin PBXGroup section */
		1AFF40C123EC2A03005D5E80 = {
			isa = PBXGroup;
			children = (
				1AFF40CC23EC2A03005D5E80 /* CameraPhotoLibrary */,
				1AFF40CB23EC2A03005D5E80 /* Products */,
			);
			sourceTree = "<group>";
		};
		1AFF40CB23EC2A03005D5E80 /* Products */ = {
			isa = PBXGroup;
			children = (
				1AFF40CA23EC2A03005D5E80 /* CameraPhotoLibrary.app */,
			);
			name = Products;
			sourceTree = "<group>";
		};
		1AFF40CC23EC2A03005D5E80 /* CameraPhotoLibrary */ = {
			isa = PBXGroup;
			children = (
				1AFF40CD23EC2A03005D5E80 /* AppDelegate.swift */,
				1AFF40CF23EC2A03005D5E80 /* SceneDelegate.swift */,
				1AFF40D123EC2A03005D5E80 /* ViewController.swift */,
				1AFF40D323EC2A03005D5E80 /* Main.storyboard */,
				1AFF40D923EC2A04005D5E80 /* Assets.xcassets */,
				1AFF40DB23EC2A04005D5E80 /* LaunchScreen.storyboard */,
				1AFF40DE23EC2A04005D5E80 /* Info.plist */,
				1AFF40D623EC2A03005D5E80 /* CameraPhotoLibrary.xcdatamodeld */,
			);
			path = CameraPhotoLibrary;
			sourceTree = "<group>";
		};
/* End PBXGroup section */

/* Begin PBXNativeTarget section */
		1AFF40C923EC2A03005D5E80 /* CameraPhotoLibrary */ = {
			isa = PBXNativeTarget;
			buildConfigurationList = 1AFF40E123EC2A04005D5E80 /* Build configuration list for PBXNativeTarget "CameraPhotoLibrary" */;
			buildPhases = (
				1AFF40C623EC2A03005D5E80 /* Sources */,
				1AFF40C723EC2A03005D5E80 /* Frameworks */,
				1AFF40C823EC2A03005D5E80 /* Resources */,
			);
			buildRules = (
			);
			dependencies = (
			);
			name = CameraPhotoLibrary;
			productName = CameraPhotoLibrary;
			productReference = 1AFF40CA23EC2A03005D5E80 /* CameraPhotoLibrary.app */;
			productType = "com.apple.product-type.application";
		};
/* End PBXNativeTarget section */

/* Begin PBXProject section */
		1AFF40C223EC2A03005D5E80 /* Project object */ = {
			isa = PBXProject;
			attributes = {
				LastSwiftUpdateCheck = 1130;
				LastUpgradeCheck = 1130;
				ORGANIZATIONNAME = "Wi's Works";
				TargetAttributes = {
					1AFF40C923EC2A03005D5E80 = {
						CreatedOnToolsVersion = 11.3.1;
					};
				};
			};
			buildConfigurationList = 1AFF40C523EC2A03005D5E80 /* Build configuration list for PBXProject "CameraPhotoLibrary" */;
			compatibilityVersion = "Xcode 9.3";
			developmentRegion = en;
			hasScannedForEncodings = 0;
			knownRegions = (
				en,
				Base,
			);
			mainGroup = 1AFF40C123EC2A03005D5E80;
			productRefGroup = 1AFF40CB23EC2A03005D5E80 /* Products */;
			projectDirPath = "";
			projectRoot = "";
			targets = (
				1AFF40C923EC2A03005D5E80 /* CameraPhotoLibrary */,
			);
		};
/* End PBXProject section */

/* Begin PBXResourcesBuildPhase section */
		1AFF40C823EC2A03005D5E80 /* Resources */ = {
			isa = PBXResourcesBuildPhase;
			buildActionMask = 2147483647;
			files = (
				1AFF40DD23EC2A04005D5E80 /* LaunchScreen.storyboard in Resources */,
				1AFF40DA23EC2A04005D5E80 /* Assets.xcassets in Resources */,
				1AFF40D523EC2A03005D5E80 /* Main.storyboard in Resources */,
			);
			runOnlyForDeploymentPostprocessing = 0;
		};
/* End PBXResourcesBuildPhase section */

/* Begin PBXSourcesBuildPhase section */
		1AFF40C623EC2A03005D5E80 /* Sources */ = {
			isa = PBXSourcesBuildPhase;
			buildActionMask = 2147483647;
			files = (
				1AFF40D223EC2A03005D5E80 /* ViewController.swift in Sources */,
				1AFF40CE23EC2A03005D5E80 /* AppDelegate.swift in Sources */,
				1AFF40D023EC2A03005D5E80 /* SceneDelegate.swift in Sources */,
				1AFF40D823EC2A03005D5E80 /* CameraPhotoLibrary.xcdatamodeld in Sources */,
			);
			runOnlyForDeploymentPostprocessing = 0;
		};
/* End PBXSourcesBuildPhase section */

/* Begin PBXVariantGroup section */
		1AFF40D323EC2A03005D5E80 /* Main.storyboard */ = {
			isa = PBXVariantGroup;
			children = (
				1AFF40D423EC2A03005D5E80 /* Base */,
			);
			name = Main.storyboard;
			sourceTree = "<group>";
		};
		1AFF40DB23EC2A04005D5E80 /* LaunchScreen.storyboard */ = {
			isa = PBXVariantGroup;
			children = (
				1AFF40DC23EC2A04005D5E80 /* Base */,
			);
			name = LaunchScreen.storyboard;
			sourceTree = "<group>";
		};
/* End PBXVariantGroup section */

/* Begin XCBuildConfiguration section */
		1AFF40DF23EC2A04005D5E80 /* Debug */ = {
			isa = XCBuildConfiguration;
			buildSettings = {
				ALWAYS_SEARCH_USER_PATHS = NO;
				CLANG_ANALYZER_NONNULL = YES;
				CLANG_ANALYZER_NUMBER_OBJECT_CONVERSION = YES_AGGRESSIVE;
				CLANG_CXX_LANGUAGE_STANDARD = "gnu++14";
				CLANG_CXX_LIBRARY = "libc++";
				CLANG_ENABLE_MODULES = YES;
				CLANG_ENABLE_OBJC_ARC = YES;
				CLANG_ENABLE_OBJC_WEAK = YES;
				CLANG_WARN_BLOCK_CAPTURE_AUTORELEASING = YES;
				CLANG_WARN_BOOL_CONVERSION = YES;
				CLANG_WARN_COMMA = YES;
				CLANG_WARN_CONSTANT_CONVERSION = YES;
				CLANG_WARN_DEPRECATED_OBJC_IMPLEMENTATIONS = YES;
				CLANG_WARN_DIRECT_OBJC_ISA_USAGE = YES_ERROR;
				CLANG_WARN_DOCUMENTATION_COMMENTS = YES;
				CLANG_WARN_EMPTY_BODY = YES;
				CLANG_WARN_ENUM_CONVERSION = YES;
				CLANG_WARN_INFINITE_RECURSION = YES;
				CLANG_WARN_INT_CONVERSION = YES;
				CLANG_WARN_NON_LITERAL_NULL_CONVERSION = YES;
				CLANG_WARN_OBJC_IMPLICIT_RETAIN_SELF = YES;
				CLANG_WARN_OBJC_LITERAL_CONVERSION = YES;
				CLANG_WARN_OBJC_ROOT_CLASS = YES_ERROR;
				CLANG_WARN_RANGE_LOOP_ANALYSIS = YES;
				CLANG_WARN_STRICT_PROTOTYPES = YES;
				CLANG_WARN_SUSPICIOUS_MOVE = YES;
				CLANG_WARN_UNGUARDED_AVAILABILITY = YES_AGGRESSIVE;
				CLANG_WARN_UNREACHABLE_CODE = YES;
				CLANG_WARN__DUPLICATE_METHOD_MATCH = YES;
				COPY_PHASE_STRIP = NO;
				DEBUG_INFORMATION_FORMAT = dwarf;
				ENABLE_STRICT_OBJC_MSGSEND = YES;
				ENABLE_TESTABILITY = YES;
				GCC_C_LANGUAGE_STANDARD = gnu11;
				GCC_DYNAMIC_NO_PIC = NO;
				GCC_NO_COMMON_BLOCKS = YES;
				GCC_OPTIMIZATION_LEVEL = 0;
				GCC_PREPROCESSOR_DEFINITIONS = (
					"DEBUG=1",
					"$(inherited)",
				);
				GCC_WARN_64_TO_32_BIT_CONVERSION = YES;
				GCC_WARN_ABOUT_RETURN_TYPE = YES_ERROR;
				GCC_WARN_UNDECLARED_SELECTOR = YES;
				GCC_WARN_UNINITIALIZED_AUTOS = YES_AGGRESSIVE;
				GCC_WARN_UNUSED_FUNCTION = YES;
				GCC_WARN_UNUSED_VARIABLE = YES;
				IPHONEOS_DEPLOYMENT_TARGET = 13.2;
				MTL_ENABLE_DEBUG_INFO = INCLUDE_SOURCE;
				MTL_FAST_MATH = YES;
				ONLY_ACTIVE_ARCH = YES;
				SDKROOT = iphoneos;
				SWIFT_ACTIVE_COMPILATION_CONDITIONS = DEBUG;
				SWIFT_OPTIMIZATION_LEVEL = "-Onone";
			};
			name = Debug;
		};
		1AFF40E023EC2A04005D5E80 /* Release */ = {
			isa = XCBuildConfiguration;
			buildSettings = {
				ALWAYS_SEARCH_USER_PATHS = NO;
				CLANG_ANALYZER_NONNULL = YES;
				CLANG_ANALYZER_NUMBER_OBJECT_CONVERSION = YES_AGGRESSIVE;
				CLANG_CXX_LANGUAGE_STANDARD = "gnu++14";
				CLANG_CXX_LIBRARY = "libc++";
				CLANG_ENABLE_MODULES = YES;
				CLANG_ENABLE_OBJC_ARC = YES;
				CLANG_ENABLE_OBJC_WEAK = YES;
				CLANG_WARN_BLOCK_CAPTURE_AUTORELEASING = YES;
				CLANG_WARN_BOOL_CONVERSION = YES;
				CLANG_WARN_COMMA = YES;
				CLANG_WARN_CONSTANT_CONVERSION = YES;
				CLANG_WARN_DEPRECATED_OBJC_IMPLEMENTATIONS = YES;
				CLANG_WARN_DIRECT_OBJC_ISA_USAGE = YES_ERROR;
				CLANG_WARN_DOCUMENTATION_COMMENTS = YES;
				CLANG_WARN_EMPTY_BODY = YES;
				CLANG_WARN_ENUM_CONVERSION = YES;
				CLANG_WARN_INFINITE_RECURSION = YES;
				CLANG_WARN_INT_CONVERSION = YES;
				CLANG_WARN_NON_LITERAL_NULL_CONVERSION = YES;
				CLANG_WARN_OBJC_IMPLICIT_RETAIN_SELF = YES;
				CLANG_WARN_OBJC_LITERAL_CONVERSION = YES;
				CLANG_WARN_OBJC_ROOT_CLASS = YES_ERROR;
				CLANG_WARN_RANGE_LOOP_ANALYSIS = YES;
				CLANG_WARN_STRICT_PROTOTYPES = YES;
				CLANG_WARN_SUSPICIOUS_MOVE = YES;
				CLANG_WARN_UNGUARDED_AVAILABILITY = YES_AGGRESSIVE;
				CLANG_WARN_UNREACHABLE_CODE = YES;
				CLANG_WARN__DUPLICATE_METHOD_MATCH = YES;
				COPY_PHASE_STRIP = NO;
				DEBUG_INFORMATION_FORMAT = "dwarf-with-dsym";
				ENABLE_NS_ASSERTIONS = NO;
				ENABLE_STRICT_OBJC_MSGSEND = YES;
				GCC_C_LANGUAGE_STANDARD = gnu11;
				GCC_NO_COMMON_BLOCKS = YES;
				GCC_WARN_64_TO_32_BIT_CONVERSION = YES;
				GCC_WARN_ABOUT_RETURN_TYPE = YES_ERROR;
				GCC_WARN_UNDECLARED_SELECTOR = YES;
				GCC_WARN_UNINITIALIZED_AUTOS = YES_AGGRESSIVE;
				GCC_WARN_UNUSED_FUNCTION = YES;
				GCC_WARN_UNUSED_VARIABLE = YES;
				IPHONEOS_DEPLOYMENT_TARGET = 13.2;
				MTL_ENABLE_DEBUG_INFO = NO;
				MTL_FAST_MATH = YES;
				SDKROOT = iphoneos;
				SWIFT_COMPILATION_MODE = wholemodule;
				SWIFT_OPTIMIZATION_LEVEL = "-O";
				VALIDATE_PRODUCT = YES;
			};
			name = Release;
		};
		1AFF40E223EC2A04005D5E80 /* Debug */ = {
			isa = XCBuildConfiguration;
			buildSettings = {
				ASSETCATALOG_COMPILER_APPICON_NAME = AppIcon;
				CODE_SIGN_STYLE = Automatic;
				DEVELOPMENT_TEAM = 4W2HHUZTYT;
				INFOPLIST_FILE = CameraPhotoLibrary/Info.plist;
				LD_RUNPATH_SEARCH_PATHS = (
					"$(inherited)",
					"@executable_path/Frameworks",
				);
				PRODUCT_BUNDLE_IDENTIFIER = Wi.CameraPhotoLibrary;
				PRODUCT_NAME = "$(TARGET_NAME)";
				SWIFT_VERSION = 5.0;
				TARGETED_DEVICE_FAMILY = "1,2";
			};
			name = Debug;
		};
		1AFF40E323EC2A04005D5E80 /* Release */ = {
			isa = XCBuildConfiguration;
			buildSettings = {
				ASSETCATALOG_COMPILER_APPICON_NAME = AppIcon;
				CODE_SIGN_STYLE = Automatic;
				DEVELOPMENT_TEAM = 4W2HHUZTYT;
				INFOPLIST_FILE = CameraPhotoLibrary/Info.plist;
				LD_RUNPATH_SEARCH_PATHS = (
					"$(inherited)",
					"@executable_path/Frameworks",
				);
				PRODUCT_BUNDLE_IDENTIFIER = Wi.CameraPhotoLibrary;
				PRODUCT_NAME = "$(TARGET_NAME)";
				SWIFT_VERSION = 5.0;
				TARGETED_DEVICE_FAMILY = "1,2";
			};
			name = Release;
		};
/* End XCBuildConfiguration section */

/* Begin XCConfigurationList section */
		1AFF40C523EC2A03005D5E80 /* Build configuration list for PBXProject "CameraPhotoLibrary" */ = {
			isa = XCConfigurationList;
			buildConfigurations = (
				1AFF40DF23EC2A04005D5E80 /* Debug */,
				1AFF40E023EC2A04005D5E80 /* Release */,
			);
			defaultConfigurationIsVisible = 0;
			defaultConfigurationName = Release;
		};
		1AFF40E123EC2A04005D5E80 /* Build configuration list for PBXNativeTarget "CameraPhotoLibrary" */ = {
			isa = XCConfigurationList;
			buildConfigurations = (
				1AFF40E223EC2A04005D5E80 /* Debug */,
				1AFF40E323EC2A04005D5E80 /* Release */,
			);
			defaultConfigurationIsVisible = 0;
			defaultConfigurationName = Release;
		};
/* End XCConfigurationList section */

/* Begin XCVersionGroup section */
		1AFF40D623EC2A03005D5E80 /* CameraPhotoLibrary.xcdatamodeld */ = {
			isa = XCVersionGroup;
			children = (
				1AFF40D723EC2A03005D5E80 /* CameraPhotoLibrary.xcdatamodel */,
			);
			currentVersion = 1AFF40D723EC2A03005D5E80 /* CameraPhotoLibrary.xcdatamodel */;
			path = CameraPhotoLibrary.xcdatamodeld;
			sourceTree = "<group>";
			versionGroupType = wrapper.xcdatamodel;
		};
/* End XCVersionGroup section */
	};
	rootObject = 1AFF40C223EC2A03005D5E80 /* Project object */;
}
